
Microsoft Visual Studio Solution File, Format Version 12.00
# Visual Studio Version 17
VisualStudioVersion = 17.14.36221.1
MinimumVisualStudioVersion = 10.0.40219.1
Project("{8BC9CEB8-8B4A-11D0-8D11-00A0C91BC942}") = "CustomMouseSensitivity", "CustomMouseSensitivity.vcxproj", "{D372DE9B-4D0F-4C0D-829D-D003233A925E}"
EndProject
Project("{8BC9CEB8-8B4A-11D0-8D11-00A0C91BC942}") = "libMinHook", "third-party\minhook\build\VC17\libMinHook.vcxproj", "{F142A341-5EE0-442D-A15F-98AE9B48DBAE}"
EndProject
Global
	GlobalSection(SolutionConfigurationPlatforms) = preSolution
		Debug|x64 = Debug|x64
		Debug|x86 = Debug|x86
		Release|x64 = Release|x64
		Release|x86 = Release|x86
	EndGlobalSection
	GlobalSection(ProjectConfigurationPlatforms) = postSolution
		{D372DE9B-4D0F-4C0D-829D-D003233A925E}.Debug|x64.ActiveCfg = Release|x64
		{D372DE9B-4D0F-4C0D-829D-D003233A925E}.Debug|x64.Build.0 = Release|x64
		{D372DE9B-4D0F-4C0D-829D-D003233A925E}.Debug|x86.ActiveCfg = Debug|Win32
		{D372DE9B-4D0F-4C0D-829D-D003233A925E}.Debug|x86.Build.0 = Debug|Win32
		{D372DE9B-4D0F-4C0D-829D-D003233A925E}.Release|x64.ActiveCfg = Release|x64
		{D372DE9B-4D0F-4C0D-829D-D003233A925E}.Release|x64.Build.0 = Release|x64
		{D372DE9B-4D0F-4C0D-829D-D003233A925E}.Release|x86.ActiveCfg = Release|Win32
		{D372DE9B-4D0F-4C0D-829D-D003233A925E}.Release|x86.Build.0 = Release|Win32
		{F142A341-5EE0-442D-A15F-98AE9B48DBAE}.Debug|x64.ActiveCfg = Debug|x64
		{F142A341-5EE0-442D-A15F-98AE9B48DBAE}.Debug|x64.Build.0 = Debug|x64
		{F142A341-5EE0-442D-A15F-98AE9B48DBAE}.Debug|x86.ActiveCfg = Debug|Win32
		{F142A341-5EE0-442D-A15F-98AE9B48DBAE}.Debug|x86.Build.0 = Debug|Win32
		{F142A341-5EE0-442D-A15F-98AE9B48DBAE}.Release|x64.ActiveCfg = Release|x64
		{F142A341-5EE0-442D-A15F-98AE9B48DBAE}.Release|x64.Build.0 = Release|x64
		{F142A341-5EE0-442D-A15F-98AE9B48DBAE}.Release|x86.ActiveCfg = Release|Win32
		{F142A341-5EE0-442D-A15F-98AE9B48DBAE}.Release|x86.Build.0 = Release|Win32
	EndGlobalSection
	GlobalSection(SolutionProperties) = preSolution
		HideSolutionNode = FALSE
	EndGlobalSection
	GlobalSection(ExtensibilityGlobals) = postSolution
		SolutionGuid = {1E28F6CB-4BAB-4004-8936-2FDB21216DD5}
	EndGlobalSection
EndGlobal
